
Microsoft Visual Studio Solution File, Format Version 12.00
# Visual Studio Version 16
VisualStudioVersion = 16.0.32228.343
MinimumVisualStudioVersion = 10.0.40219.1
Project("{FAE04EC0-301F-11D3-BF4B-00C04F79EFBC}") = "vue-test-projekt", "vue-test-projekt\vue-test-projekt.csproj", "{43B50831-621D-44AA-A12B-E68E5E073EAC}"
EndProject
Global
	GlobalSection(SolutionConfigurationPlatforms) = preSolution
		Debug|Any CPU = Debug|Any CPU
		Release|Any CPU = Release|Any CPU
	EndGlobalSection
	GlobalSection(ProjectConfigurationPlatforms) = postSolution
		{43B50831-621D-44AA-A12B-E68E5E073EAC}.Debug|Any CPU.ActiveCfg = Debug|Any CPU
		{43B50831-621D-44AA-A12B-E68E5E073EAC}.Debug|Any CPU.Build.0 = Debug|Any CPU
		{43B50831-621D-44AA-A12B-E68E5E073EAC}.Release|Any CPU.ActiveCfg = Release|Any CPU
		{43B50831-621D-44AA-A12B-E68E5E073EAC}.Release|Any CPU.Build.0 = Release|Any CPU
	EndGlobalSection
	GlobalSection(SolutionProperties) = preSolution
		HideSolutionNode = FALSE
	EndGlobalSection
	GlobalSection(ExtensibilityGlobals) = postSolution
		SolutionGuid = {1C6C3E1B-F220-4193-873E-D7584854E87B}
	EndGlobalSection
EndGlobal
